
Microsoft Visual Studio Solution File, Format Version 12.00
# Visual Studio Version 16
VisualStudioVersion = 16.0.31624.102
MinimumVisualStudioVersion = 10.0.40219.1
Project("{FAE04EC0-301F-11D3-BF4B-00C04F79EFBC}") = "E-OKUL", "E-OKUL\E-OKUL.csproj", "{52177637-E61E-4322-8695-8711B2D44C1C}"
EndProject
Global
	GlobalSection(SolutionConfigurationPlatforms) = preSolution
		Debug|Any CPU = Debug|Any CPU
		Release|Any CPU = Release|Any CPU
	EndGlobalSection
	GlobalSection(ProjectConfigurationPlatforms) = postSolution
		{52177637-E61E-4322-8695-8711B2D44C1C}.Debug|Any CPU.ActiveCfg = Debug|Any CPU
		{52177637-E61E-4322-8695-8711B2D44C1C}.Debug|Any CPU.Build.0 = Debug|Any CPU
		{52177637-E61E-4322-8695-8711B2D44C1C}.Release|Any CPU.ActiveCfg = Release|Any CPU
		{52177637-E61E-4322-8695-8711B2D44C1C}.Release|Any CPU.Build.0 = Release|Any CPU
	EndGlobalSection
	GlobalSection(SolutionProperties) = preSolution
		HideSolutionNode = FALSE
	EndGlobalSection
	GlobalSection(ExtensibilityGlobals) = postSolution
		SolutionGuid = {FF8FAB78-4DA8-4399-B500-84D994F66F27}
	EndGlobalSection
EndGlobal
